
Microsoft Visual Studio Solution File, Format Version 12.00
# Visual Studio Version 17
VisualStudioVersion = 17.8.34309.116
MinimumVisualStudioVersion = 10.0.40219.1
Project("{FAE04EC0-301F-11D3-BF4B-00C04F79EFBC}") = "CarMarket_WithORM", "CarMarket_WithORM.csproj", "{94B82002-34DC-4DA3-B7A7-94E48B8D91D2}"
EndProject
Global
	GlobalSection(SolutionConfigurationPlatforms) = preSolution
		Debug|Any CPU = Debug|Any CPU
		Release|Any CPU = Release|Any CPU
	EndGlobalSection
	GlobalSection(ProjectConfigurationPlatforms) = postSolution
		{94B82002-34DC-4DA3-B7A7-94E48B8D91D2}.Debug|Any CPU.ActiveCfg = Debug|Any CPU
		{94B82002-34DC-4DA3-B7A7-94E48B8D91D2}.Debug|Any CPU.Build.0 = Debug|Any CPU
		{94B82002-34DC-4DA3-B7A7-94E48B8D91D2}.Release|Any CPU.ActiveCfg = Release|Any CPU
		{94B82002-34DC-4DA3-B7A7-94E48B8D91D2}.Release|Any CPU.Build.0 = Release|Any CPU
	EndGlobalSection
	GlobalSection(SolutionProperties) = preSolution
		HideSolutionNode = FALSE
	EndGlobalSection
	GlobalSection(ExtensibilityGlobals) = postSolution
		SolutionGuid = {4B1E86F0-B771-44BD-B178-2D3E6C4945FB}
	EndGlobalSection
EndGlobal
